{
  "name": "functional-typescript",
  "lockfileVersion": 3,
  "requires": true,
  "packages": {
    "": {
      "dependencies": {
        "nodets": "^0.0.1"
      }
    },
    "node_modules/nodets": {
      "version": "0.0.1",
      "resolved": "https://registry.npmjs.org/nodets/-/nodets-0.0.1.tgz",
      "integrity": "sha512-2Ok6DnT/byf9mChUFx9UAxzmKK8IcbsclnAllQTE3OPP7y3hE3dovC8TVsZXEie744B3aPwAF6uBCDTHyqxIDA=="
    }
  }
}
